# -------------------------------------------------------------------------- #
#
# Copyright (C) 1991-2009 Altera Corporation
# Your use of Altera Corporation's design tools, logic functions 
# and other software and tools, and its AMPP partner logic 
# functions, and any output files from any of the foregoing 
# (including device programming or simulation files), and any 
# associated documentation or information are expressly subject 
# to the terms and conditions of the Altera Program License 
# Subscription Agreement, Altera MegaCore Function License 
# Agreement, or other applicable license agreement, including, 
# without limitation, that your use is for the sole purpose of 
# programming logic devices manufactured by Altera and sold by 
# Altera or its authorized distributors.  Please refer to the 
# applicable agreement for further details.
#
# -------------------------------------------------------------------------- #
#
# Quartus II
# Version 9.1 Build 222 10/21/2009 SJ Web Edition
# Date created = 13:30:13  December 03, 2025
#
# -------------------------------------------------------------------------- #
#
# Notes:
#
# 1) The default values for assignments are stored in the file:
#		MicroEVM_Var8_assignment_defaults.qdf
#    If this file doesn't exist, see file:
#		assignment_defaults.qdf
#
# 2) Altera recommends that you do not modify this file. This
#    file is updated automatically by the Quartus II software
#    and any changes you make may be lost or overwritten.
#
# -------------------------------------------------------------------------- #


set_global_assignment -name FAMILY "Stratix III"
set_global_assignment -name DEVICE AUTO
set_global_assignment -name TOP_LEVEL_ENTITY main_module
set_global_assignment -name ORIGINAL_QUARTUS_VERSION 9.1
set_global_assignment -name PROJECT_CREATION_TIME_DATE "13:30:13  DECEMBER 03, 2025"
set_global_assignment -name LAST_QUARTUS_VERSION 9.1
set_global_assignment -name USE_GENERATED_PHYSICAL_CONSTRAINTS OFF -section_id eda_blast_fpga
set_global_assignment -name DEVICE_FILTER_SPEED_GRADE ANY
set_global_assignment -name USE_CONFIGURATION_DEVICE ON
set_global_assignment -name SIMULATION_MODE FUNCTIONAL
set_global_assignment -name EDA_SIMULATION_TOOL "<None>"
set_global_assignment -name EDA_TIME_SCALE "1 ps" -section_id eda_simulation
set_global_assignment -name EDA_OUTPUT_DATA_FORMAT NONE -section_id eda_simulation
set_global_assignment -name EDA_RUN_TOOL_AUTOMATICALLY OFF -section_id eda_simulation
set_global_assignment -name PARTITION_NETLIST_TYPE SOURCE -section_id Top
set_global_assignment -name PARTITION_COLOR 16764057 -section_id Top
set_global_assignment -name LL_ROOT_REGION ON -section_id "Root Region"
set_global_assignment -name LL_MEMBER_STATE LOCKED -section_id "Root Region"
set_global_assignment -name INCREMENTAL_VECTOR_INPUT_SOURCE top/main_module.vwf
set_global_assignment -name BDF_FILE top/main_module.bdf
set_global_assignment -name VECTOR_WAVEFORM_FILE top/main_module.vwf
set_global_assignment -name AHDL_FILE top/cmp_is_jmp.tdf
set_global_assignment -name AHDL_FILE top/cmp_is_mem_to_reg.tdf
set_global_assignment -name AHDL_FILE top/cmp_is_reg_to_mem.tdf
set_global_assignment -name AHDL_FILE top/lpm_mux_mem.tdf
set_global_assignment -name AHDL_FILE top/lpm_bustri0.tdf
set_global_assignment -name AHDL_FILE top/lpm_compare0.tdf
set_global_assignment -name AHDL_FILE kpdp/next_state_register.tdf
set_global_assignment -name AHDL_FILE top/Mux_Address_CPU.tdf
set_global_assignment -name AHDL_FILE top/mux_cpu_addr.tdf
set_global_assignment -name AHDL_FILE top/mux_data_source.tdf
set_global_assignment -name AHDL_FILE top/mux_final_addr.tdf
set_global_assignment -name AHDL_FILE top/mux_mem_stack.tdf
set_global_assignment -name AHDL_FILE top/mux_reg_input.tdf
set_global_assignment -name AHDL_FILE top/mux_sys_addr.tdf
set_global_assignment -name AHDL_FILE arbitration/req_cpu_reg.tdf
set_global_assignment -name AHDL_FILE arbitration/req_dmac_reg.tdf
set_global_assignment -name AHDL_FILE alu/reg_notz.tdf
set_global_assignment -name AHDL_FILE kpdp/1.tdf
set_global_assignment -name AHDL_FILE kpdp/kpdp_data_register.tdf
set_global_assignment -name AHDL_FILE kpdp/6.tdf
set_global_assignment -name AHDL_FILE kpdp/10.tdf
set_global_assignment -name AHDL_FILE kpdp/addr_adder.tdf
set_global_assignment -name AHDL_FILE kpdp/addr_mux.tdf
set_global_assignment -name AHDL_FILE kpdp/addr_register.tdf
set_global_assignment -name AHDL_FILE kpdp/control_register.tdf
set_global_assignment -name AHDL_FILE kpdp/count_mux.tdf
set_global_assignment -name AHDL_FILE kpdp/count_register.tdf
set_global_assignment -name AHDL_FILE kpdp/count_subtractor.tdf
set_global_assignment -name BDF_FILE control_unit/control_unit.bdf
set_global_assignment -name AHDL_FILE kpdp/count_zero_cmp.tdf
set_global_assignment -name BDF_FILE kpdp/dmac_controller.bdf
set_global_assignment -name AHDL_FILE kpdp/fsm_rom.tdf
set_global_assignment -name AHDL_FILE kpdp/state_register.tdf
set_global_assignment -name AHDL_FILE predictor/u_pht_table.tdf
set_global_assignment -name AHDL_FILE predictor/automaton_a5_counter.tdf
set_global_assignment -name AHDL_FILE cache/rdaddress_delay.tdf
set_global_assignment -name AHDL_FILE predictor/ghr_register.tdf
set_global_assignment -name AHDL_FILE predictor/pht_table.tdf
set_global_assignment -name AHDL_FILE cache/lru_counter.tdf
set_global_assignment -name AHDL_FILE cache/lru_decoder.tdf
set_global_assignment -name AHDL_FILE control_unit/reg_control.tdf
set_global_assignment -name AHDL_FILE reg_notz.tdf
set_global_assignment -name AHDL_FILE cache/cache_data_mux.tdf
set_global_assignment -name AHDL_FILE control_unit/stack_base_10.tdf
set_global_assignment -name AHDL_FILE cache/cache_data_way0.tdf
set_global_assignment -name AHDL_FILE cache/cache_data_way1.tdf
set_global_assignment -name AHDL_FILE cache/cache_data_way2.tdf
set_global_assignment -name AHDL_FILE cache/cache_data_way3.tdf
set_global_assignment -name AHDL_FILE cache/cache_tag_compare_way.tdf
set_global_assignment -name AHDL_FILE cache/cache_tag_compare_way1.tdf
set_global_assignment -name AHDL_FILE cache/cache_tag_compare_way2.tdf
set_global_assignment -name AHDL_FILE cache/cache_tag_compare_way3.tdf
set_global_assignment -name AHDL_FILE cache/cache_tag_way0.tdf
set_global_assignment -name AHDL_FILE cache/cache_valid_way0.tdf
set_global_assignment -name AHDL_FILE cache/cache_valid_way1.tdf
set_global_assignment -name AHDL_FILE cache/cache_valid_way2.tdf
set_global_assignment -name AHDL_FILE cache/cache_valid_way3.tdf
set_global_assignment -name AHDL_FILE cache/cpu_data_out.tdf
set_global_assignment -name AHDL_FILE cache/cache_tag_way1.tdf
set_global_assignment -name AHDL_FILE cache/cache_tag_way2.tdf
set_global_assignment -name AHDL_FILE cache/cache_tag_way3.tdf
set_global_assignment -name AHDL_FILE cache/main_memory_ram.tdf
set_global_assignment -name AHDL_FILE alu/R2.tdf
set_global_assignment -name AHDL_FILE alu/R3.tdf
set_global_assignment -name AHDL_FILE alu/R4.tdf
set_global_assignment -name AHDL_FILE alu/lpm_mux_flag_z.tdf
set_global_assignment -name AHDL_FILE alu/alu_output_mux.tdf
set_global_assignment -name VHDL_FILE alu/alu_subtractor.vhd
set_global_assignment -name BDF_FILE alu/alu_logic_not8.bdf
set_global_assignment -name AHDL_FILE alu/lpm_decode_3to8.tdf
set_global_assignment -name AHDL_FILE alu/lpm_df_Z_C_S_V.tdf
set_global_assignment -name AHDL_FILE alu/alu_shifter_srl.tdf
set_global_assignment -name AHDL_FILE alu/R0.tdf
set_global_assignment -name AHDL_FILE alu/R1.tdf
set_global_assignment -name BSF_FILE control_unit/Data_Register.bsf
set_global_assignment -name INCLUDE_FILE control_unit/Data_Register.inc
set_global_assignment -name BSF_FILE control_unit/SP_Counter.bsf
set_global_assignment -name AHDL_FILE alu/R5.tdf
set_global_assignment -name AHDL_FILE alu/R6.tdf
set_global_assignment -name AHDL_FILE alu/R7.tdf
set_global_assignment -name AHDL_FILE alu/reg_memory.tdf
set_global_assignment -name AHDL_FILE alu/ron_operand_mux.tdf
set_global_assignment -name AHDL_FILE control_unit/cmp_and.tdf
set_global_assignment -name AHDL_FILE control_unit/CMP_Empty.tdf
set_global_assignment -name AHDL_FILE control_unit/CMP_Full.tdf
set_global_assignment -name AHDL_FILE control_unit/cmp_hlt_ff.tdf
set_global_assignment -name AHDL_FILE control_unit/cmp_jmp.tdf
set_global_assignment -name AHDL_FILE control_unit/cmp_mr.tdf
set_global_assignment -name AHDL_FILE control_unit/cmp_notz.tdf
set_global_assignment -name AHDL_FILE control_unit/cmp_pop.tdf
set_global_assignment -name AHDL_FILE control_unit/cmp_push.tdf
set_global_assignment -name AHDL_FILE control_unit/cmp_rm.tdf
set_global_assignment -name AHDL_FILE control_unit/cmp_srl.tdf
set_global_assignment -name AHDL_FILE control_unit/cmp_sub.tdf
set_global_assignment -name AHDL_FILE control_unit/Data_Register.tdf
set_global_assignment -name INCLUDE_FILE control_unit/SP_Counter.inc
set_global_assignment -name AHDL_FILE control_unit/SP_Counter.tdf
set_global_assignment -name SOURCE_FILE control_unit/SP_Counter_wave0.jpg
set_global_assignment -name HTML_FILE control_unit/SP_Counter_waveforms.html
set_global_assignment -name AHDL_FILE control_unit/ADDR_H_REG.tdf
set_global_assignment -name AHDL_FILE control_unit/ADDR_L_REG.tdf
set_global_assignment -name AHDL_FILE control_unit/CMD_DECODE.tdf
set_global_assignment -name AHDL_FILE control_unit/Phase_Counter.tdf
set_global_assignment -name AHDL_FILE control_unit/Instruction_Pointer.tdf
set_global_assignment -name AHDL_FILE control_unit/Instruction_Register.tdf
set_global_assignment -name AHDL_FILE control_unit/PHASE_NEXT_MUX.tdf
set_global_assignment -name AHDL_FILE control_unit/reg_alu_op.tdf
set_global_assignment -name AHDL_FILE control_unit/PHASE_ADDR_H_COMP.tdf
set_global_assignment -name AHDL_FILE control_unit/PHASE_ADDR_L_COMP.tdf
set_global_assignment -name BSF_FILE memory/lpm_mux0.bsf
set_global_assignment -name AHDL_FILE control_unit/PHASE_EXEC_COMP.tdf
set_global_assignment -name AHDL_FILE control_unit/PHASE_FETCH_COMP.tdf
set_global_assignment -name INCLUDE_FILE memory/lpm_mux0.inc
set_global_assignment -name QIP_FILE memory/lpm_mux0.qip
set_global_assignment -name AHDL_FILE memory/lpm_mux0.tdf
set_global_assignment -name AHDL_FILE memory/RAM_block.tdf
set_global_assignment -name AHDL_FILE memory/ROM_block.tdf
set_global_assignment -name QIP_FILE memory/ROM_block.qip
set_global_assignment -name BDF_FILE memory/memory.bdf
set_global_assignment -name QIP_FILE memory/RAM_block.qip
set_global_assignment -name VECTOR_WAVEFORM_FILE memory/memory.vwf
set_global_assignment -name MIF_FILE memory/ROM.mif
set_global_assignment -name QIP_FILE control_unit/PHASE_EXEC_COMP.qip
set_global_assignment -name QIP_FILE control_unit/Instruction_Register.qip
set_global_assignment -name QIP_FILE control_unit/ADDR_H_REG.qip
set_global_assignment -name QIP_FILE control_unit/ADDR_L_REG.qip
set_global_assignment -name QIP_FILE control_unit/PHASE_ADDR_H_COMP.qip
set_global_assignment -name QIP_FILE control_unit/PHASE_ADDR_L_COMP.qip
set_global_assignment -name QIP_FILE control_unit/Instruction_Pointer.qip
set_global_assignment -name QIP_FILE control_unit/PHASE_FETCH_COMP.qip
set_global_assignment -name QIP_FILE control_unit/CMD_DECODE.qip
set_global_assignment -name VECTOR_WAVEFORM_FILE control_unit/control_unit.vwf
set_global_assignment -name QIP_FILE control_unit/PHASE_NEXT_MUX.qip
set_global_assignment -name BDF_FILE control_unit/phase_counter_unit.bdf
set_global_assignment -name VECTOR_WAVEFORM_FILE control_unit/phase_counter_test.vwf
set_global_assignment -name BDF_FILE control_unit/special_registers.bdf
set_global_assignment -name VECTOR_WAVEFORM_FILE control_unit/special_registers.vwf
set_global_assignment -name BDF_FILE control_unit/stack_control.bdf
set_global_assignment -name QIP_FILE control_unit/SP_Counter.qip
set_global_assignment -name QIP_FILE control_unit/Data_Register.qip
set_global_assignment -name VECTOR_WAVEFORM_FILE control_unit/stack_sim_test.vwf
set_global_assignment -name BDF_FILE control_unit/decoder_unit.bdf
set_global_assignment -name QIP_FILE control_unit/cmp_sub.qip
set_global_assignment -name QIP_FILE control_unit/reg_control.qip
set_global_assignment -name VECTOR_WAVEFORM_FILE control_unit/decoder_unit_test.vwf
set_global_assignment -name BDF_FILE alu/alu_unit.bdf
set_global_assignment -name QIP_FILE alu/alu_subtractor.qip
set_global_assignment -name QIP_FILE alu/alu_output_mux.qip
set_global_assignment -name BDF_FILE alu/alu_logic_and8.bdf
set_global_assignment -name BDF_FILE alu/alu_logic_flag_zero.bdf
set_global_assignment -name VECTOR_WAVEFORM_FILE alu/alu_unit_test.vwf
set_global_assignment -name BDF_FILE alu/alu_POH.bdf
set_global_assignment -name QIP_FILE alu/lpm_mux_flag_z.qip
set_global_assignment -name QIP_FILE lpm_df_Z_C_S_V.qip
set_global_assignment -name QIP_FILE alu/lpm_df_Z_C_S_V.qip
set_global_assignment -name QIP_FILE alu/reg_memory.qip
set_global_assignment -name QIP_FILE alu/R0.qip
set_global_assignment -name QIP_FILE alu/R1.qip
set_global_assignment -name QIP_FILE alu/R5.qip
set_global_assignment -name QIP_FILE alu/R6.qip
set_global_assignment -name QIP_FILE alu/R7.qip
set_global_assignment -name QIP_FILE alu/lpm_decode_3to8.qip
set_global_assignment -name QIP_FILE alu/ron_operand_mux.qip
set_global_assignment -name VECTOR_WAVEFORM_FILE alu/alu_POH_test.vwf
set_global_assignment -name QIP_FILE cache/cache_data_way0.qip
set_global_assignment -name QIP_FILE cache/cache_data_way1.qip
set_global_assignment -name BDF_FILE cache/cache.bdf
set_global_assignment -name QIP_FILE cache/cache_tag_way0.qip
set_global_assignment -name QIP_FILE cache/cache_tag_way2.qip
set_global_assignment -name QIP_FILE cache/cache_tag_way3.qip
set_global_assignment -name QIP_FILE cache/main_memory_ram.qip
set_global_assignment -name QIP_FILE cache/cache_tag_compare_way.qip
set_global_assignment -name QIP_FILE cache/cache_tag_compare_way1.qip
set_global_assignment -name QIP_FILE cache/cache_tag_compare_way2.qip
set_global_assignment -name QIP_FILE cache/cache_tag_compare_way3.qip
set_global_assignment -name QIP_FILE cache/cache_data_mux.qip
set_global_assignment -name QIP_FILE cache/lru_counter.qip
set_global_assignment -name QIP_FILE cache/lru_decoder.qip
set_global_assignment -name QIP_FILE cache/cpu_data_out.qip
set_global_assignment -name VECTOR_WAVEFORM_FILE cache/cache_test.vwf
set_global_assignment -name QIP_FILE cache/cache_valid_way0.qip
set_global_assignment -name QIP_FILE cache/cache_valid_way1.qip
set_global_assignment -name QIP_FILE cache/cache_valid_way2.qip
set_global_assignment -name QIP_FILE cache/cache_valid_way3.qip
set_global_assignment -name QIP_FILE cache/rdaddress_delay.qip
set_global_assignment -name BDF_FILE predictor/branch_predictor.bdf
set_global_assignment -name QIP_FILE predictor/ghr_register.qip
set_global_assignment -name QIP_FILE predictor/pht_table.qip
set_global_assignment -name QIP_FILE predictor/automaton_a5_counter.qip
set_global_assignment -name VECTOR_WAVEFORM_FILE predictor/branch_predictor_test.vwf
set_global_assignment -name QIP_FILE kpdp/kpdp_data_register.qip
set_global_assignment -name VECTOR_WAVEFORM_FILE kpdp/dmac_controller_test.vwf
set_global_assignment -name QIP_FILE kpdp/1.qip
set_global_assignment -name QIP_FILE kpdp/next_state_register.qip
set_global_assignment -name BDF_FILE arbitration/bus_arbiter.bdf
set_global_assignment -name QIP_FILE arbitration/req_cpu_reg.qip
set_global_assignment -name QIP_FILE arbitration/req_dmac_reg.qip
set_global_assignment -name VECTOR_WAVEFORM_FILE arbitration/bus_arbiter_test.vwf
set_global_assignment -name QIP_FILE control_unit/stack_base_10.qip
set_global_assignment -name QIP_FILE top/mux_data_source.qip
set_global_assignment -name QIP_FILE top/Mux_Address_CPU.qip
set_global_assignment -name QIP_FILE top/mux_cpu_addr.qip
set_global_assignment -name QIP_FILE top/mux_sys_addr.qip
set_global_assignment -name QIP_FILE top/mux_final_addr.qip
set_global_assignment -name QIP_FILE top/mux_reg_input.qip
set_global_assignment -name QIP_FILE top/lpm_bustri0.qip
set_global_assignment -name QIP_FILE top/mux_mem_stack.qip
set_global_assignment -name QIP_FILE top/lpm_compare0.qip
set_global_assignment -name QIP_FILE top/lpm_mux_mem.qip
set_global_assignment -name QIP_FILE top/cmp_is_jmp.qip
set_global_assignment -name QIP_FILE top/cmp_is_mem_to_reg.qip
set_global_assignment -name QIP_FILE top/cmp_is_reg_to_mem.qip
set_instance_assignment -name PARTITION_HIERARCHY root_partition -to | -section_id Top